# This file is automatically @generated by Cargo.
# It is not intended for manual editing.
[[package]]
name = "adler"
version = "0.2.3"
source = "registry+https://github.com/rust-lang/crates.io-index"
checksum = "ee2a4ec343196209d6594e19543ae87a39f96d5534d7174822a3ad825dd6ed7e"

[[package]]
name = "anvil-region"
version = "0.3.2"
source = "registry+https://github.com/rust-lang/crates.io-index"
checksum = "40a5543399bdcebd302c2355b72e9ec1fee0691ed795e2b238be9572a4897378"
dependencies = [
 "bitvec",
 "byteorder",
 "log",
 "named-binary-tag",
]

[[package]]
name = "autocfg"
version = "1.0.1"
source = "registry+https://github.com/rust-lang/crates.io-index"
checksum = "cdb031dd78e28731d87d56cc8ffef4a8f36ca26c38fe2de700543e627f8a464a"

[[package]]
name = "bimap"
version = "0.5.2"
source = "registry+https://github.com/rust-lang/crates.io-index"
checksum = "43806ad6cd3dec8ef84ac19f35a7b0075aee8c8a913ffc3a09191e6d7131e781"

[[package]]
name = "bitvec"
version = "0.17.4"
source = "registry+https://github.com/rust-lang/crates.io-index"
checksum = "41262f11d771fd4a61aa3ce019fca363b4b6c282fca9da2a31186d3965a47a5c"
dependencies = [
 "either",
 "radium",
]

[[package]]
name = "byteorder"
version = "1.3.4"
source = "registry+https://github.com/rust-lang/crates.io-index"
checksum = "08c48aae112d48ed9f069b33538ea9e3e90aa263cfa3d1c24309612b1f7472de"

[[package]]
name = "cfg-if"
version = "0.1.10"
source = "registry+https://github.com/rust-lang/crates.io-index"
checksum = "4785bdd1c96b2a846b2bd7cc02e86b6b3dbf14e7e53446c4f54c92a361040822"

[[package]]
name = "copy_dir"
version = "0.1.2"
source = "registry+https://github.com/rust-lang/crates.io-index"
checksum = "6e4281031634644843bd2f5aa9c48cf98fc48d6b083bd90bb11becf10deaf8b0"
dependencies = [
 "walkdir",
]

[[package]]
name = "crc32fast"
version = "1.2.0"
source = "registry+https://github.com/rust-lang/crates.io-index"
checksum = "ba125de2af0df55319f41944744ad91c71113bf74a4646efff39afe1f6842db1"
dependencies = [
 "cfg-if",
]

[[package]]
name = "either"
version = "1.6.0"
source = "registry+https://github.com/rust-lang/crates.io-index"
checksum = "cd56b59865bce947ac5958779cfa508f6c3b9497cc762b7e24a12d11ccde2c4f"

[[package]]
name = "flate2"
version = "1.0.17"
source = "registry+https://github.com/rust-lang/crates.io-index"
checksum = "766d0e77a2c1502169d4a93ff3b8c15a71fd946cd0126309752104e5f3c46d94"
dependencies = [
 "cfg-if",
 "crc32fast",
 "libc",
 "miniz_oxide",
]

[[package]]
name = "kernel32-sys"
version = "0.2.2"
source = "registry+https://github.com/rust-lang/crates.io-index"
checksum = "7507624b29483431c0ba2d82aece8ca6cdba9382bff4ddd0f7490560c056098d"
dependencies = [
 "winapi",
 "winapi-build",
]

[[package]]
name = "libc"
version = "0.2.77"
source = "registry+https://github.com/rust-lang/crates.io-index"
checksum = "f2f96b10ec2560088a8e76961b00d47107b3a625fecb76dedb29ee7ccbf98235"

[[package]]
name = "linked-hash-map"
version = "0.5.3"
source = "registry+https://github.com/rust-lang/crates.io-index"
checksum = "8dd5a6d5999d9907cda8ed67bbd137d3af8085216c2ac62de5be860bd41f304a"

[[package]]
name = "log"
version = "0.4.11"
source = "registry+https://github.com/rust-lang/crates.io-index"
checksum = "4fabed175da42fed1fa0746b0ea71f412aa9d35e76e95e59b192c64b9dc2bf8b"
dependencies = [
 "cfg-if",
]

[[package]]
name = "mc-gen"
version = "0.1.0"
dependencies = [
 "anvil-region",
 "bimap",
 "copy_dir",
 "named-binary-tag",
 "num-derive",
 "num-traits",
]

[[package]]
name = "miniz_oxide"
version = "0.4.2"
source = "registry+https://github.com/rust-lang/crates.io-index"
checksum = "c60c0dfe32c10b43a144bad8fc83538c52f58302c92300ea7ec7bf7b38d5a7b9"
dependencies = [
 "adler",
 "autocfg",
]

[[package]]
name = "named-binary-tag"
version = "0.2.3"
source = "registry+https://github.com/rust-lang/crates.io-index"
checksum = "4d654702943d37d67f1491769ed46484c306f9b9d0d258348904bd63ffb101e8"
dependencies = [
 "byteorder",
 "flate2",
 "linked-hash-map",
]

[[package]]
name = "num-derive"
version = "0.2.5"
source = "registry+https://github.com/rust-lang/crates.io-index"
checksum = "eafd0b45c5537c3ba526f79d3e75120036502bebacbb3f3220914067ce39dbf2"
dependencies = [
 "proc-macro2",
 "quote",
 "syn",
]

[[package]]
name = "num-traits"
version = "0.2.12"
source = "registry+https://github.com/rust-lang/crates.io-index"
checksum = "ac267bcc07f48ee5f8935ab0d24f316fb722d7a1292e2913f0cc196b29ffd611"
dependencies = [
 "autocfg",
]

[[package]]
name = "proc-macro2"
version = "0.4.30"
source = "registry+https://github.com/rust-lang/crates.io-index"
checksum = "cf3d2011ab5c909338f7887f4fc896d35932e29146c12c8d01da6b22a80ba759"
dependencies = [
 "unicode-xid",
]

[[package]]
name = "quote"
version = "0.6.13"
source = "registry+https://github.com/rust-lang/crates.io-index"
checksum = "6ce23b6b870e8f94f81fb0a363d65d86675884b34a09043c81e5562f11c1f8e1"
dependencies = [
 "proc-macro2",
]

[[package]]
name = "radium"
version = "0.3.0"
source = "registry+https://github.com/rust-lang/crates.io-index"
checksum = "def50a86306165861203e7f84ecffbbdfdea79f0e51039b33de1e952358c47ac"

[[package]]
name = "syn"
version = "0.15.44"
source = "registry+https://github.com/rust-lang/crates.io-index"
checksum = "9ca4b3b69a77cbe1ffc9e198781b7acb0c7365a883670e8f1c1bc66fba79a5c5"
dependencies = [
 "proc-macro2",
 "quote",
 "unicode-xid",
]

[[package]]
name = "unicode-xid"
version = "0.1.0"
source = "registry+https://github.com/rust-lang/crates.io-index"
checksum = "fc72304796d0818e357ead4e000d19c9c174ab23dc11093ac919054d20a6a7fc"

[[package]]
name = "walkdir"
version = "0.1.8"
source = "registry+https://github.com/rust-lang/crates.io-index"
checksum = "c66c0b9792f0a765345452775f3adbd28dde9d33f30d13e5dcc5ae17cf6f3780"
dependencies = [
 "kernel32-sys",
 "winapi",
]

[[package]]
name = "winapi"
version = "0.2.8"
source = "registry+https://github.com/rust-lang/crates.io-index"
checksum = "167dc9d6949a9b857f3451275e911c3f44255842c1f7a76f33c55103a909087a"

[[package]]
name = "winapi-build"
version = "0.1.1"
source = "registry+https://github.com/rust-lang/crates.io-index"
checksum = "2d315eee3b34aca4797b2da6b13ed88266e6d612562a0c46390af8299fc699bc"
